
Microsoft Visual Studio Solution File, Format Version 12.00
# Visual Studio Version 16
VisualStudioVersion = 16.0.30114.105
MinimumVisualStudioVersion = 10.0.40219.1
Project("{FAE04EC0-301F-11D3-BF4B-00C04F79EFBC}") = "Onix", "MainRoutinesProject\Onix.csproj", "{33D4677B-B5E8-4C4E-9B41-FC936BCF429A}"
EndProject
Project("{FAE04EC0-301F-11D3-BF4B-00C04F79EFBC}") = "OnixLibrary", "OnixLibrary\OnixLibrary.csproj", "{8043F194-43D5-4763-B811-E7AA8B1B0167}"
EndProject
Project("{9A19103F-16F7-4668-BE54-9A1E7A4F7556}") = "OnixModels", "OnixModels\OnixModels.csproj", "{D45EBD59-3333-477A-AD89-549DB6D5CC61}"
EndProject
Global
	GlobalSection(SolutionConfigurationPlatforms) = preSolution
		Debug|Any CPU = Debug|Any CPU
		Release|Any CPU = Release|Any CPU
	EndGlobalSection
	GlobalSection(ProjectConfigurationPlatforms) = postSolution
		{33D4677B-B5E8-4C4E-9B41-FC936BCF429A}.Debug|Any CPU.ActiveCfg = Debug|Any CPU
		{33D4677B-B5E8-4C4E-9B41-FC936BCF429A}.Debug|Any CPU.Build.0 = Debug|Any CPU
		{33D4677B-B5E8-4C4E-9B41-FC936BCF429A}.Release|Any CPU.ActiveCfg = Release|Any CPU
		{33D4677B-B5E8-4C4E-9B41-FC936BCF429A}.Release|Any CPU.Build.0 = Release|Any CPU
		{8043F194-43D5-4763-B811-E7AA8B1B0167}.Debug|Any CPU.ActiveCfg = Debug|Any CPU
		{8043F194-43D5-4763-B811-E7AA8B1B0167}.Debug|Any CPU.Build.0 = Debug|Any CPU
		{8043F194-43D5-4763-B811-E7AA8B1B0167}.Release|Any CPU.ActiveCfg = Release|Any CPU
		{8043F194-43D5-4763-B811-E7AA8B1B0167}.Release|Any CPU.Build.0 = Release|Any CPU
		{D45EBD59-3333-477A-AD89-549DB6D5CC61}.Debug|Any CPU.ActiveCfg = Debug|Any CPU
		{D45EBD59-3333-477A-AD89-549DB6D5CC61}.Debug|Any CPU.Build.0 = Debug|Any CPU
		{D45EBD59-3333-477A-AD89-549DB6D5CC61}.Release|Any CPU.ActiveCfg = Release|Any CPU
		{D45EBD59-3333-477A-AD89-549DB6D5CC61}.Release|Any CPU.Build.0 = Release|Any CPU
	EndGlobalSection
	GlobalSection(SolutionProperties) = preSolution
		HideSolutionNode = FALSE
	EndGlobalSection
	GlobalSection(ExtensibilityGlobals) = postSolution
		SolutionGuid = {BB61F757-22DF-43F2-B9F2-9979CAE20126}
	EndGlobalSection
EndGlobal
